
Microsoft Visual Studio Solution File, Format Version 12.00
# Visual Studio Version 17
VisualStudioVersion = 17.11.35303.130
MinimumVisualStudioVersion = 10.0.40219.1
Project("{FAE04EC0-301F-11D3-BF4B-00C04F79EFBC}") = "Tyuiu.MohnonogovaPV.Sprint7.Project.V13.Lib", "Tyuiu.MohnonogovaPV.Sprint7.Project.V13.Lib\Tyuiu.MohnonogovaPV.Sprint7.Project.V13.Lib.csproj", "{CCD2D266-F5FE-4449-B986-C6DB3DA50FE3}"
EndProject
Project("{FAE04EC0-301F-11D3-BF4B-00C04F79EFBC}") = "Tyuiu.MohnonogovaPV.Sprint7.Project.V13.Test", "Tyuiu.MohnonogovaPV.Sprint7.Project.V13.Test\Tyuiu.MohnonogovaPV.Sprint7.Project.V13.Test.csproj", "{98FA4F58-8BD3-49EA-AFAA-4A8B84C707E0}"
EndProject
Project("{FAE04EC0-301F-11D3-BF4B-00C04F79EFBC}") = "Tyuiu.MohnonogovaPV.Sprint7.Project.V13", "Tyuiu.MohnonogovaPV.Sprint7.Project.V13\Tyuiu.MohnonogovaPV.Sprint7.Project.V13.csproj", "{78D2F330-FDD7-4AA2-B989-C2AD1380C3D9}"
EndProject
Global
	GlobalSection(SolutionConfigurationPlatforms) = preSolution
		Debug|Any CPU = Debug|Any CPU
		Release|Any CPU = Release|Any CPU
	EndGlobalSection
	GlobalSection(ProjectConfigurationPlatforms) = postSolution
		{CCD2D266-F5FE-4449-B986-C6DB3DA50FE3}.Debug|Any CPU.ActiveCfg = Debug|Any CPU
		{CCD2D266-F5FE-4449-B986-C6DB3DA50FE3}.Debug|Any CPU.Build.0 = Debug|Any CPU
		{CCD2D266-F5FE-4449-B986-C6DB3DA50FE3}.Release|Any CPU.ActiveCfg = Release|Any CPU
		{CCD2D266-F5FE-4449-B986-C6DB3DA50FE3}.Release|Any CPU.Build.0 = Release|Any CPU
		{98FA4F58-8BD3-49EA-AFAA-4A8B84C707E0}.Debug|Any CPU.ActiveCfg = Debug|Any CPU
		{98FA4F58-8BD3-49EA-AFAA-4A8B84C707E0}.Debug|Any CPU.Build.0 = Debug|Any CPU
		{98FA4F58-8BD3-49EA-AFAA-4A8B84C707E0}.Release|Any CPU.ActiveCfg = Release|Any CPU
		{98FA4F58-8BD3-49EA-AFAA-4A8B84C707E0}.Release|Any CPU.Build.0 = Release|Any CPU
		{78D2F330-FDD7-4AA2-B989-C2AD1380C3D9}.Debug|Any CPU.ActiveCfg = Debug|Any CPU
		{78D2F330-FDD7-4AA2-B989-C2AD1380C3D9}.Debug|Any CPU.Build.0 = Debug|Any CPU
		{78D2F330-FDD7-4AA2-B989-C2AD1380C3D9}.Release|Any CPU.ActiveCfg = Release|Any CPU
		{78D2F330-FDD7-4AA2-B989-C2AD1380C3D9}.Release|Any CPU.Build.0 = Release|Any CPU
	EndGlobalSection
	GlobalSection(SolutionProperties) = preSolution
		HideSolutionNode = FALSE
	EndGlobalSection
	GlobalSection(ExtensibilityGlobals) = postSolution
		SolutionGuid = {019D12E4-9ECE-43B1-992C-5E03C34E42A4}
	EndGlobalSection
EndGlobal
